
Microsoft Visual Studio Solution File, Format Version 12.00
# Visual Studio 15
VisualStudioVersion = 15.0.26430.13
MinimumVisualStudioVersion = 10.0.40219.1
Project("{FAE04EC0-301F-11D3-BF4B-00C04F79EFBC}") = "LinkedListSerialization", "LinkedListSerialization\LinkedListSerialization.csproj", "{04682305-B671-4726-8DCB-2DE69CD527E7}"
EndProject
Project("{FAE04EC0-301F-11D3-BF4B-00C04F79EFBC}") = "LinkedListSerialization.Tests", "LinkedListSerialization.Tests\LinkedListSerialization.Tests.csproj", "{7092032D-8812-4393-AEFD-2E8CAB76A326}"
EndProject
Global
	GlobalSection(SolutionConfigurationPlatforms) = preSolution
		Debug|Any CPU = Debug|Any CPU
		Debug|x86 = Debug|x86
		Release|Any CPU = Release|Any CPU
		Release|x86 = Release|x86
	EndGlobalSection
	GlobalSection(ProjectConfigurationPlatforms) = postSolution
		{04682305-B671-4726-8DCB-2DE69CD527E7}.Debug|Any CPU.ActiveCfg = Debug|Any CPU
		{04682305-B671-4726-8DCB-2DE69CD527E7}.Debug|Any CPU.Build.0 = Debug|Any CPU
		{04682305-B671-4726-8DCB-2DE69CD527E7}.Debug|x86.ActiveCfg = Debug|x86
		{04682305-B671-4726-8DCB-2DE69CD527E7}.Debug|x86.Build.0 = Debug|x86
		{04682305-B671-4726-8DCB-2DE69CD527E7}.Release|Any CPU.ActiveCfg = Release|Any CPU
		{04682305-B671-4726-8DCB-2DE69CD527E7}.Release|Any CPU.Build.0 = Release|Any CPU
		{04682305-B671-4726-8DCB-2DE69CD527E7}.Release|x86.ActiveCfg = Release|x86
		{04682305-B671-4726-8DCB-2DE69CD527E7}.Release|x86.Build.0 = Release|x86
		{7092032D-8812-4393-AEFD-2E8CAB76A326}.Debug|Any CPU.ActiveCfg = Debug|Any CPU
		{7092032D-8812-4393-AEFD-2E8CAB76A326}.Debug|Any CPU.Build.0 = Debug|Any CPU
		{7092032D-8812-4393-AEFD-2E8CAB76A326}.Debug|x86.ActiveCfg = Debug|x86
		{7092032D-8812-4393-AEFD-2E8CAB76A326}.Debug|x86.Build.0 = Debug|x86
		{7092032D-8812-4393-AEFD-2E8CAB76A326}.Release|Any CPU.ActiveCfg = Release|Any CPU
		{7092032D-8812-4393-AEFD-2E8CAB76A326}.Release|Any CPU.Build.0 = Release|Any CPU
		{7092032D-8812-4393-AEFD-2E8CAB76A326}.Release|x86.ActiveCfg = Release|x86
		{7092032D-8812-4393-AEFD-2E8CAB76A326}.Release|x86.Build.0 = Release|x86
	EndGlobalSection
	GlobalSection(SolutionProperties) = preSolution
		HideSolutionNode = FALSE
	EndGlobalSection
EndGlobal
